{
  "name": "bbn-upload-to-yakyak",
  "version": "1.0.0",
  "lockfileVersion": 3,
  "requires": true,
  "packages": {
    "": {
      "name": "bbn-upload-to-yakyak",
      "version": "1.0.0",
      "dependencies": {
        "yakyak-sdk": "^0.0.9"
      },
      "bin": {
        "upload-to-yakyak": "upload_to_yakyak.js"
      }
    },
    "node_modules/yakyak-sdk": {
      "version": "0.0.9",
      "resolved": "https://registry.npmjs.org/yakyak-sdk/-/yakyak-sdk-0.0.9.tgz",
      "integrity": "sha512-vmZs3CG3zqs105U8t6m6k6uQGF01u4e8B8qXfU3DgGudlVDdD955t7GH/p/XHfn0BjnkjOcV+l4D6iUp95vNmQ==",
      "license": "Apache-2.0"
    }
  }
}
